// !$*UTF8*$!
{
	archiveVersion = 1;
	classes = {
	};
	objectVersion = 50;
	objects = {

/* Begin PBXBuildFile section */
		19C7310822B0343500455DB6 /* AppDelegate.swift in Sources */ = {isa = PBXBuildFile; fileRef = 19C7310722B0343500455DB6 /* AppDelegate.swift */; };
		19C7310A22B0343500455DB6 /* SceneDelegate.swift in Sources */ = {isa = PBXBuildFile; fileRef = 19C7310922B0343500455DB6 /* SceneDelegate.swift */; };
		19C7310E22B0343F00455DB6 /* Assets.xcassets in Resources */ = {isa = PBXBuildFile; fileRef = 19C7310D22B0343F00455DB6 /* Assets.xcassets */; };
		19C7311122B0343F00455DB6 /* Preview Assets.xcassets in Resources */ = {isa = PBXBuildFile; fileRef = 19C7311022B0343F00455DB6 /* Preview Assets.xcassets */; };
		19C7311422B0343F00455DB6 /* LaunchScreen.storyboard in Resources */ = {isa = PBXBuildFile; fileRef = 19C7311222B0343F00455DB6 /* LaunchScreen.storyboard */; };
		19C7312322B038C400455DB6 /* Client.swift in Sources */ = {isa = PBXBuildFile; fileRef = 19C7312222B038C400455DB6 /* Client.swift */; };
		19C7312522B038D000455DB6 /* Endpoint.swift in Sources */ = {isa = PBXBuildFile; fileRef = 19C7312422B038D000455DB6 /* Endpoint.swift */; };
		19C7312722B03A7800455DB6 /* PunkEndpoint.swift in Sources */ = {isa = PBXBuildFile; fileRef = 19C7312622B03A7800455DB6 /* PunkEndpoint.swift */; };
		19C7312922B03B2600455DB6 /* PunkClient.swift in Sources */ = {isa = PBXBuildFile; fileRef = 19C7312822B03B2600455DB6 /* PunkClient.swift */; };
		19C7312C22B03C7000455DB6 /* Beer.swift in Sources */ = {isa = PBXBuildFile; fileRef = 19C7312B22B03C7000455DB6 /* Beer.swift */; };
		19C7313222B03EE000455DB6 /* BeerData.swift in Sources */ = {isa = PBXBuildFile; fileRef = 19C7313122B03EE000455DB6 /* BeerData.swift */; };
		19C7313422B0482F00455DB6 /* BeerListView.swift in Sources */ = {isa = PBXBuildFile; fileRef = 19C7313322B0482F00455DB6 /* BeerListView.swift */; };
		19C7313622B04D5B00455DB6 /* BeerImage.swift in Sources */ = {isa = PBXBuildFile; fileRef = 19C7313522B04D5B00455DB6 /* BeerImage.swift */; };
		19C7313822B0513A00455DB6 /* BeerRow.swift in Sources */ = {isa = PBXBuildFile; fileRef = 19C7313722B0513A00455DB6 /* BeerRow.swift */; };
		2B77A390247857F0003E4415 /* LoadingView.swift in Sources */ = {isa = PBXBuildFile; fileRef = 2B77A38F247857F0003E4415 /* LoadingView.swift */; };
		2B77A39424785831003E4415 /* BeersResponse.swift in Sources */ = {isa = PBXBuildFile; fileRef = 2B77A39324785831003E4415 /* BeersResponse.swift */; };
/* End PBXBuildFile section */

/* Begin PBXFileReference section */
		19C7310422B0343500455DB6 /* BeerList.app */ = {isa = PBXFileReference; explicitFileType = wrapper.application; includeInIndex = 0; path = BeerList.app; sourceTree = BUILT_PRODUCTS_DIR; };
		19C7310722B0343500455DB6 /* AppDelegate.swift */ = {isa = PBXFileReference; lastKnownFileType = sourcecode.swift; path = AppDelegate.swift; sourceTree = "<group>"; };
		19C7310922B0343500455DB6 /* SceneDelegate.swift */ = {isa = PBXFileReference; lastKnownFileType = sourcecode.swift; name = SceneDelegate.swift; path = Presentation/SceneDelegate.swift; sourceTree = "<group>"; };
		19C7310D22B0343F00455DB6 /* Assets.xcassets */ = {isa = PBXFileReference; lastKnownFileType = folder.assetcatalog; path = Assets.xcassets; sourceTree = "<group>"; };
		19C7311022B0343F00455DB6 /* Preview Assets.xcassets */ = {isa = PBXFileReference; lastKnownFileType = folder.assetcatalog; path = "Preview Assets.xcassets"; sourceTree = "<group>"; };
		19C7311322B0343F00455DB6 /* Base */ = {isa = PBXFileReference; lastKnownFileType = file.storyboard; name = Base; path = Base.lproj/LaunchScreen.storyboard; sourceTree = "<group>"; };
		19C7311522B0343F00455DB6 /* Info.plist */ = {isa = PBXFileReference; lastKnownFileType = text.plist.xml; path = Info.plist; sourceTree = "<group>"; };
		19C7312222B038C400455DB6 /* Client.swift */ = {isa = PBXFileReference; lastKnownFileType = sourcecode.swift; path = Client.swift; sourceTree = "<group>"; };
		19C7312422B038D000455DB6 /* Endpoint.swift */ = {isa = PBXFileReference; lastKnownFileType = sourcecode.swift; path = Endpoint.swift; sourceTree = "<group>"; };
		19C7312622B03A7800455DB6 /* PunkEndpoint.swift */ = {isa = PBXFileReference; lastKnownFileType = sourcecode.swift; path = PunkEndpoint.swift; sourceTree = "<group>"; };
		19C7312822B03B2600455DB6 /* PunkClient.swift */ = {isa = PBXFileReference; lastKnownFileType = sourcecode.swift; path = PunkClient.swift; sourceTree = "<group>"; };
		19C7312B22B03C7000455DB6 /* Beer.swift */ = {isa = PBXFileReference; lastKnownFileType = sourcecode.swift; path = Beer.swift; sourceTree = "<group>"; };
		19C7313122B03EE000455DB6 /* BeerData.swift */ = {isa = PBXFileReference; lastKnownFileType = sourcecode.swift; path = BeerData.swift; sourceTree = "<group>"; };
		19C7313322B0482F00455DB6 /* BeerListView.swift */ = {isa = PBXFileReference; lastKnownFileType = sourcecode.swift; path = BeerListView.swift; sourceTree = "<group>"; };
		19C7313522B04D5B00455DB6 /* BeerImage.swift */ = {isa = PBXFileReference; lastKnownFileType = sourcecode.swift; path = BeerImage.swift; sourceTree = "<group>"; };
		19C7313722B0513A00455DB6 /* BeerRow.swift */ = {isa = PBXFileReference; lastKnownFileType = sourcecode.swift; path = BeerRow.swift; sourceTree = "<group>"; };
		2B77A38F247857F0003E4415 /* LoadingView.swift */ = {isa = PBXFileReference; lastKnownFileType = sourcecode.swift; path = LoadingView.swift; sourceTree = "<group>"; };
		2B77A39324785831003E4415 /* BeersResponse.swift */ = {isa = PBXFileReference; lastKnownFileType = sourcecode.swift; path = BeersResponse.swift; sourceTree = "<group>"; };
/* End PBXFileReference section */

/* Begin PBXFrameworksBuildPhase section */
		19C7310122B0343500455DB6 /* Frameworks */ = {
			isa = PBXFrameworksBuildPhase;
			buildActionMask = 2147483647;
			files = (
			);
			runOnlyForDeploymentPostprocessing = 0;
		};
/* End PBXFrameworksBuildPhase section */

/* Begin PBXGroup section */
		19C730FB22B0343500455DB6 = {
			isa = PBXGroup;
			children = (
				19C7310622B0343500455DB6 /* BeerList */,
				19C7310522B0343500455DB6 /* Products */,
			);
			sourceTree = "<group>";
		};
		19C7310522B0343500455DB6 /* Products */ = {
			isa = PBXGroup;
			children = (
				19C7310422B0343500455DB6 /* BeerList.app */,
			);
			name = Products;
			sourceTree = "<group>";
		};
		19C7310622B0343500455DB6 /* BeerList */ = {
			isa = PBXGroup;
			children = (
				19C7311D22B0384800455DB6 /* Service */,
				19C7311C22B0383200455DB6 /* Domain */,
				19C7311B22B0382700455DB6 /* Presentation */,
				19C7310722B0343500455DB6 /* AppDelegate.swift */,
				19C7310922B0343500455DB6 /* SceneDelegate.swift */,
				19C7310D22B0343F00455DB6 /* Assets.xcassets */,
				19C7311222B0343F00455DB6 /* LaunchScreen.storyboard */,
				19C7311522B0343F00455DB6 /* Info.plist */,
				19C7310F22B0343F00455DB6 /* Preview Content */,
			);
			path = BeerList;
			sourceTree = "<group>";
		};
		19C7310F22B0343F00455DB6 /* Preview Content */ = {
			isa = PBXGroup;
			children = (
				19C7311022B0343F00455DB6 /* Preview Assets.xcassets */,
			);
			path = "Preview Content";
			sourceTree = "<group>";
		};
		19C7311B22B0382700455DB6 /* Presentation */ = {
			isa = PBXGroup;
			children = (
				19C7312E22B03DF600455DB6 /* Contents */,
				19C7312D22B03DF100455DB6 /* Components */,
			);
			path = Presentation;
			sourceTree = "<group>";
		};
		19C7311C22B0383200455DB6 /* Domain */ = {
			isa = PBXGroup;
			children = (
				2B77A39124785813003E4415 /* DTO */,
				19C7312A22B03C6500455DB6 /* Models */,
			);
			path = Domain;
			sourceTree = "<group>";
		};
		19C7311D22B0384800455DB6 /* Service */ = {
			isa = PBXGroup;
			children = (
				19C7311F22B0385800455DB6 /* API */,
				19C7311E22B0384F00455DB6 /* Gateway */,
			);
			path = Service;
			sourceTree = "<group>";
		};
		19C7311E22B0384F00455DB6 /* Gateway */ = {
			isa = PBXGroup;
			children = (
				19C7312222B038C400455DB6 /* Client.swift */,
				19C7312422B038D000455DB6 /* Endpoint.swift */,
			);
			path = Gateway;
			sourceTree = "<group>";
		};
		19C7311F22B0385800455DB6 /* API */ = {
			isa = PBXGroup;
			children = (
				19C7312622B03A7800455DB6 /* PunkEndpoint.swift */,
				19C7312822B03B2600455DB6 /* PunkClient.swift */,
			);
			path = API;
			sourceTree = "<group>";
		};
		19C7312A22B03C6500455DB6 /* Models */ = {
			isa = PBXGroup;
			children = (
				19C7312B22B03C7000455DB6 /* Beer.swift */,
				19C7313122B03EE000455DB6 /* BeerData.swift */,
				19C7313522B04D5B00455DB6 /* BeerImage.swift */,
			);
			path = Models;
			sourceTree = "<group>";
		};
		19C7312D22B03DF100455DB6 /* Components */ = {
			isa = PBXGroup;
			children = (
				19C7313722B0513A00455DB6 /* BeerRow.swift */,
				2B77A38F247857F0003E4415 /* LoadingView.swift */,
			);
			path = Components;
			sourceTree = "<group>";
		};
		19C7312E22B03DF600455DB6 /* Contents */ = {
			isa = PBXGroup;
			children = (
				19C7313322B0482F00455DB6 /* BeerListView.swift */,
			);
			path = Contents;
			sourceTree = "<group>";
		};
		2B77A39124785813003E4415 /* DTO */ = {
			isa = PBXGroup;
			children = (
				2B77A39324785831003E4415 /* BeersResponse.swift */,
			);
			path = DTO;
			sourceTree = "<group>";
		};
/* End PBXGroup section */

/* Begin PBXNativeTarget section */
		19C7310322B0343500455DB6 /* BeerList */ = {
			isa = PBXNativeTarget;
			buildConfigurationList = 19C7311822B0343F00455DB6 /* Build configuration list for PBXNativeTarget "BeerList" */;
			buildPhases = (
				19C7310022B0343500455DB6 /* Sources */,
				19C7310122B0343500455DB6 /* Frameworks */,
				19C7310222B0343500455DB6 /* Resources */,
			);
			buildRules = (
			);
			dependencies = (
			);
			name = BeerList;
			productName = BeerList;
			productReference = 19C7310422B0343500455DB6 /* BeerList.app */;
			productType = "com.apple.product-type.application";
		};
/* End PBXNativeTarget section */

/* Begin PBXProject section */
		19C730FC22B0343500455DB6 /* Project object */ = {
			isa = PBXProject;
			attributes = {
				LastSwiftUpdateCheck = 1100;
				LastUpgradeCheck = 1100;
				ORGANIZATIONNAME = "Gustavo Henrique";
				TargetAttributes = {
					19C7310322B0343500455DB6 = {
						CreatedOnToolsVersion = 11.0;
					};
				};
			};
			buildConfigurationList = 19C730FF22B0343500455DB6 /* Build configuration list for PBXProject "BeerList" */;
			compatibilityVersion = "Xcode 9.3";
			developmentRegion = en;
			hasScannedForEncodings = 0;
			knownRegions = (
				en,
				Base,
			);
			mainGroup = 19C730FB22B0343500455DB6;
			productRefGroup = 19C7310522B0343500455DB6 /* Products */;
			projectDirPath = "";
			projectRoot = "";
			targets = (
				19C7310322B0343500455DB6 /* BeerList */,
			);
		};
/* End PBXProject section */

/* Begin PBXResourcesBuildPhase section */
		19C7310222B0343500455DB6 /* Resources */ = {
			isa = PBXResourcesBuildPhase;
			buildActionMask = 2147483647;
			files = (
				19C7311422B0343F00455DB6 /* LaunchScreen.storyboard in Resources */,
				19C7311122B0343F00455DB6 /* Preview Assets.xcassets in Resources */,
				19C7310E22B0343F00455DB6 /* Assets.xcassets in Resources */,
			);
			runOnlyForDeploymentPostprocessing = 0;
		};
/* End PBXResourcesBuildPhase section */

/* Begin PBXSourcesBuildPhase section */
		19C7310022B0343500455DB6 /* Sources */ = {
			isa = PBXSourcesBuildPhase;
			buildActionMask = 2147483647;
			files = (
				19C7313422B0482F00455DB6 /* BeerListView.swift in Sources */,
				2B77A39424785831003E4415 /* BeersResponse.swift in Sources */,
				19C7310822B0343500455DB6 /* AppDelegate.swift in Sources */,
				19C7310A22B0343500455DB6 /* SceneDelegate.swift in Sources */,
				19C7312322B038C400455DB6 /* Client.swift in Sources */,
				19C7313622B04D5B00455DB6 /* BeerImage.swift in Sources */,
				2B77A390247857F0003E4415 /* LoadingView.swift in Sources */,
				19C7312C22B03C7000455DB6 /* Beer.swift in Sources */,
				19C7313222B03EE000455DB6 /* BeerData.swift in Sources */,
				19C7312722B03A7800455DB6 /* PunkEndpoint.swift in Sources */,
				19C7312522B038D000455DB6 /* Endpoint.swift in Sources */,
				19C7313822B0513A00455DB6 /* BeerRow.swift in Sources */,
				19C7312922B03B2600455DB6 /* PunkClient.swift in Sources */,
			);
			runOnlyForDeploymentPostprocessing = 0;
		};
/* End PBXSourcesBuildPhase section */

/* Begin PBXVariantGroup section */
		19C7311222B0343F00455DB6 /* LaunchScreen.storyboard */ = {
			isa = PBXVariantGroup;
			children = (
				19C7311322B0343F00455DB6 /* Base */,
			);
			name = LaunchScreen.storyboard;
			sourceTree = "<group>";
		};
/* End PBXVariantGroup section */

/* Begin XCBuildConfiguration section */
		19C7311622B0343F00455DB6 /* Debug */ = {
			isa = XCBuildConfiguration;
			buildSettings = {
				ALWAYS_SEARCH_USER_PATHS = NO;
				CLANG_ANALYZER_NONNULL = YES;
				CLANG_ANALYZER_NUMBER_OBJECT_CONVERSION = YES_AGGRESSIVE;
				CLANG_CXX_LANGUAGE_STANDARD = "gnu++14";
				CLANG_CXX_LIBRARY = "libc++";
				CLANG_ENABLE_MODULES = YES;
				CLANG_ENABLE_OBJC_ARC = YES;
				CLANG_ENABLE_OBJC_WEAK = YES;
				CLANG_WARN_BLOCK_CAPTURE_AUTORELEASING = YES;
				CLANG_WARN_BOOL_CONVERSION = YES;
				CLANG_WARN_COMMA = YES;
				CLANG_WARN_CONSTANT_CONVERSION = YES;
				CLANG_WARN_DEPRECATED_OBJC_IMPLEMENTATIONS = YES;
				CLANG_WARN_DIRECT_OBJC_ISA_USAGE = YES_ERROR;
				CLANG_WARN_DOCUMENTATION_COMMENTS = YES;
				CLANG_WARN_EMPTY_BODY = YES;
				CLANG_WARN_ENUM_CONVERSION = YES;
				CLANG_WARN_INFINITE_RECURSION = YES;
				CLANG_WARN_INT_CONVERSION = YES;
				CLANG_WARN_NON_LITERAL_NULL_CONVERSION = YES;
				CLANG_WARN_OBJC_IMPLICIT_RETAIN_SELF = YES;
				CLANG_WARN_OBJC_LITERAL_CONVERSION = YES;
				CLANG_WARN_OBJC_ROOT_CLASS = YES_ERROR;
				CLANG_WARN_RANGE_LOOP_ANALYSIS = YES;
				CLANG_WARN_STRICT_PROTOTYPES = YES;
				CLANG_WARN_SUSPICIOUS_MOVE = YES;
				CLANG_WARN_UNGUARDED_AVAILABILITY = YES_AGGRESSIVE;
				CLANG_WARN_UNREACHABLE_CODE = YES;
				CLANG_WARN__DUPLICATE_METHOD_MATCH = YES;
				COPY_PHASE_STRIP = NO;
				DEBUG_INFORMATION_FORMAT = dwarf;
				ENABLE_STRICT_OBJC_MSGSEND = YES;
				ENABLE_TESTABILITY = YES;
				GCC_C_LANGUAGE_STANDARD = gnu11;
				GCC_DYNAMIC_NO_PIC = NO;
				GCC_NO_COMMON_BLOCKS = YES;
				GCC_OPTIMIZATION_LEVEL = 0;
				GCC_PREPROCESSOR_DEFINITIONS = (
					"DEBUG=1",
					"$(inherited)",
				);
				GCC_WARN_64_TO_32_BIT_CONVERSION = YES;
				GCC_WARN_ABOUT_RETURN_TYPE = YES_ERROR;
				GCC_WARN_UNDECLARED_SELECTOR = YES;
				GCC_WARN_UNINITIALIZED_AUTOS = YES_AGGRESSIVE;
				GCC_WARN_UNUSED_FUNCTION = YES;
				GCC_WARN_UNUSED_VARIABLE = YES;
				IPHONEOS_DEPLOYMENT_TARGET = 13.0;
				MTL_ENABLE_DEBUG_INFO = INCLUDE_SOURCE;
				MTL_FAST_MATH = YES;
				ONLY_ACTIVE_ARCH = YES;
				SDKROOT = iphoneos;
				SWIFT_ACTIVE_COMPILATION_CONDITIONS = DEBUG;
				SWIFT_OPTIMIZATION_LEVEL = "-Onone";
			};
			name = Debug;
		};
		19C7311722B0343F00455DB6 /* Release */ = {
			isa = XCBuildConfiguration;
			buildSettings = {
				ALWAYS_SEARCH_USER_PATHS = NO;
				CLANG_ANALYZER_NONNULL = YES;
				CLANG_ANALYZER_NUMBER_OBJECT_CONVERSION = YES_AGGRESSIVE;
				CLANG_CXX_LANGUAGE_STANDARD = "gnu++14";
				CLANG_CXX_LIBRARY = "libc++";
				CLANG_ENABLE_MODULES = YES;
				CLANG_ENABLE_OBJC_ARC = YES;
				CLANG_ENABLE_OBJC_WEAK = YES;
				CLANG_WARN_BLOCK_CAPTURE_AUTORELEASING = YES;
				CLANG_WARN_BOOL_CONVERSION = YES;
				CLANG_WARN_COMMA = YES;
				CLANG_WARN_CONSTANT_CONVERSION = YES;
				CLANG_WARN_DEPRECATED_OBJC_IMPLEMENTATIONS = YES;
				CLANG_WARN_DIRECT_OBJC_ISA_USAGE = YES_ERROR;
				CLANG_WARN_DOCUMENTATION_COMMENTS = YES;
				CLANG_WARN_EMPTY_BODY = YES;
				CLANG_WARN_ENUM_CONVERSION = YES;
				CLANG_WARN_INFINITE_RECURSION = YES;
				CLANG_WARN_INT_CONVERSION = YES;
				CLANG_WARN_NON_LITERAL_NULL_CONVERSION = YES;
				CLANG_WARN_OBJC_IMPLICIT_RETAIN_SELF = YES;
				CLANG_WARN_OBJC_LITERAL_CONVERSION = YES;
				CLANG_WARN_OBJC_ROOT_CLASS = YES_ERROR;
				CLANG_WARN_RANGE_LOOP_ANALYSIS = YES;
				CLANG_WARN_STRICT_PROTOTYPES = YES;
				CLANG_WARN_SUSPICIOUS_MOVE = YES;
				CLANG_WARN_UNGUARDED_AVAILABILITY = YES_AGGRESSIVE;
				CLANG_WARN_UNREACHABLE_CODE = YES;
				CLANG_WARN__DUPLICATE_METHOD_MATCH = YES;
				COPY_PHASE_STRIP = NO;
				DEBUG_INFORMATION_FORMAT = "dwarf-with-dsym";
				ENABLE_NS_ASSERTIONS = NO;
				ENABLE_STRICT_OBJC_MSGSEND = YES;
				GCC_C_LANGUAGE_STANDARD = gnu11;
				GCC_NO_COMMON_BLOCKS = YES;
				GCC_WARN_64_TO_32_BIT_CONVERSION = YES;
				GCC_WARN_ABOUT_RETURN_TYPE = YES_ERROR;
				GCC_WARN_UNDECLARED_SELECTOR = YES;
				GCC_WARN_UNINITIALIZED_AUTOS = YES_AGGRESSIVE;
				GCC_WARN_UNUSED_FUNCTION = YES;
				GCC_WARN_UNUSED_VARIABLE = YES;
				IPHONEOS_DEPLOYMENT_TARGET = 13.0;
				MTL_ENABLE_DEBUG_INFO = NO;
				MTL_FAST_MATH = YES;
				SDKROOT = iphoneos;
				SWIFT_COMPILATION_MODE = wholemodule;
				SWIFT_OPTIMIZATION_LEVEL = "-O";
				VALIDATE_PRODUCT = YES;
			};
			name = Release;
		};
		19C7311922B0343F00455DB6 /* Debug */ = {
			isa = XCBuildConfiguration;
			buildSettings = {
				ASSETCATALOG_COMPILER_APPICON_NAME = AppIcon;
				CODE_SIGN_STYLE = Automatic;
				DEVELOPMENT_ASSET_PATHS = "BeerList/Preview\\ Content";
				ENABLE_PREVIEWS = YES;
				INFOPLIST_FILE = BeerList/Info.plist;
				LD_RUNPATH_SEARCH_PATHS = (
					"$(inherited)",
					"@executable_path/Frameworks",
				);
				PRODUCT_BUNDLE_IDENTIFIER = br.com.gustavohenrique.BeerList;
				PRODUCT_NAME = "$(TARGET_NAME)";
				SWIFT_VERSION = 5.0;
				TARGETED_DEVICE_FAMILY = "1,2";
			};
			name = Debug;
		};
		19C7311A22B0343F00455DB6 /* Release */ = {
			isa = XCBuildConfiguration;
			buildSettings = {
				ASSETCATALOG_COMPILER_APPICON_NAME = AppIcon;
				CODE_SIGN_STYLE = Automatic;
				DEVELOPMENT_ASSET_PATHS = "BeerList/Preview\\ Content";
				ENABLE_PREVIEWS = YES;
				INFOPLIST_FILE = BeerList/Info.plist;
				LD_RUNPATH_SEARCH_PATHS = (
					"$(inherited)",
					"@executable_path/Frameworks",
				);
				PRODUCT_BUNDLE_IDENTIFIER = br.com.gustavohenrique.BeerList;
				PRODUCT_NAME = "$(TARGET_NAME)";
				SWIFT_VERSION = 5.0;
				TARGETED_DEVICE_FAMILY = "1,2";
			};
			name = Release;
		};
/* End XCBuildConfiguration section */

/* Begin XCConfigurationList section */
		19C730FF22B0343500455DB6 /* Build configuration list for PBXProject "BeerList" */ = {
			isa = XCConfigurationList;
			buildConfigurations = (
				19C7311622B0343F00455DB6 /* Debug */,
				19C7311722B0343F00455DB6 /* Release */,
			);
			defaultConfigurationIsVisible = 0;
			defaultConfigurationName = Release;
		};
		19C7311822B0343F00455DB6 /* Build configuration list for PBXNativeTarget "BeerList" */ = {
			isa = XCConfigurationList;
			buildConfigurations = (
				19C7311922B0343F00455DB6 /* Debug */,
				19C7311A22B0343F00455DB6 /* Release */,
			);
			defaultConfigurationIsVisible = 0;
			defaultConfigurationName = Release;
		};
/* End XCConfigurationList section */
	};
	rootObject = 19C730FC22B0343500455DB6 /* Project object */;
}
